
Microsoft Visual Studio Solution File, Format Version 12.00
# Visual Studio 14
VisualStudioVersion = 14.0.25420.1
MinimumVisualStudioVersion = 10.0.40219.1
Project("{8BC9CEB8-8B4A-11D0-8D11-00A0C91BC942}") = "MMODCNN_SpringEdition_Test", "MMODCNN_SpringEdition_Test.vcxproj", "{2A8D6474-2314-4FD7-BC8E-4B5050D71EF2}"
EndProject
Global
	GlobalSection(SolutionConfigurationPlatforms) = preSolution
		Debug|x64 = Debug|x64
		Release|x64 = Release|x64
	EndGlobalSection
	GlobalSection(ProjectConfigurationPlatforms) = postSolution
		{2A8D6474-2314-4FD7-BC8E-4B5050D71EF2}.Debug|x64.ActiveCfg = Debug|x64
		{2A8D6474-2314-4FD7-BC8E-4B5050D71EF2}.Debug|x64.Build.0 = Debug|x64
		{2A8D6474-2314-4FD7-BC8E-4B5050D71EF2}.Release|x64.ActiveCfg = Release|x64
		{2A8D6474-2314-4FD7-BC8E-4B5050D71EF2}.Release|x64.Build.0 = Release|x64
	EndGlobalSection
	GlobalSection(SolutionProperties) = preSolution
		HideSolutionNode = FALSE
	EndGlobalSection
EndGlobal
